
Microsoft Visual Studio Solution File, Format Version 12.00
# Visual Studio Version 17
VisualStudioVersion = 17.8.34408.163
MinimumVisualStudioVersion = 10.0.40219.1
Project("{9A19103F-16F7-4668-BE54-9A1E7A4F7556}") = "ourProject", "ourProject\ourProject.csproj", "{DD82BB2D-6F0B-45FE-B1F0-B8C7DB124CF4}"
EndProject
Project("{9A19103F-16F7-4668-BE54-9A1E7A4F7556}") = "DAL", "DAL\DAL.csproj", "{432ED4C3-800D-461B-96D9-3BBAEA4A191E}"
EndProject
Project("{9A19103F-16F7-4668-BE54-9A1E7A4F7556}") = "BLL", "BLL\BLL.csproj", "{EE07623E-09FD-4076-980D-0119B6130470}"
EndProject
Global
	GlobalSection(SolutionConfigurationPlatforms) = preSolution
		Debug|Any CPU = Debug|Any CPU
		Release|Any CPU = Release|Any CPU
	EndGlobalSection
	GlobalSection(ProjectConfigurationPlatforms) = postSolution
		{DD82BB2D-6F0B-45FE-B1F0-B8C7DB124CF4}.Debug|Any CPU.ActiveCfg = Debug|Any CPU
		{DD82BB2D-6F0B-45FE-B1F0-B8C7DB124CF4}.Debug|Any CPU.Build.0 = Debug|Any CPU
		{DD82BB2D-6F0B-45FE-B1F0-B8C7DB124CF4}.Release|Any CPU.ActiveCfg = Release|Any CPU
		{DD82BB2D-6F0B-45FE-B1F0-B8C7DB124CF4}.Release|Any CPU.Build.0 = Release|Any CPU
		{432ED4C3-800D-461B-96D9-3BBAEA4A191E}.Debug|Any CPU.ActiveCfg = Debug|Any CPU
		{432ED4C3-800D-461B-96D9-3BBAEA4A191E}.Debug|Any CPU.Build.0 = Debug|Any CPU
		{432ED4C3-800D-461B-96D9-3BBAEA4A191E}.Release|Any CPU.ActiveCfg = Release|Any CPU
		{432ED4C3-800D-461B-96D9-3BBAEA4A191E}.Release|Any CPU.Build.0 = Release|Any CPU
		{EE07623E-09FD-4076-980D-0119B6130470}.Debug|Any CPU.ActiveCfg = Debug|Any CPU
		{EE07623E-09FD-4076-980D-0119B6130470}.Debug|Any CPU.Build.0 = Debug|Any CPU
		{EE07623E-09FD-4076-980D-0119B6130470}.Release|Any CPU.ActiveCfg = Release|Any CPU
		{EE07623E-09FD-4076-980D-0119B6130470}.Release|Any CPU.Build.0 = Release|Any CPU
	EndGlobalSection
	GlobalSection(SolutionProperties) = preSolution
		HideSolutionNode = FALSE
	EndGlobalSection
	GlobalSection(ExtensibilityGlobals) = postSolution
		SolutionGuid = {EB631318-D7AF-4F67-AA1D-1729789E0DC5}
	EndGlobalSection
EndGlobal
